
Microsoft Visual Studio Solution File, Format Version 12.00
# Visual Studio 15
VisualStudioVersion = 15.0.28307.489
MinimumVisualStudioVersion = 10.0.40219.1
Project("{FAE04EC0-301F-11D3-BF4B-00C04F79EFBC}") = "FileSystemWatcherApp", "FileSystemWatcherApp\FileSystemWatcherApp.csproj", "{FBD75C8D-EFF9-4EBE-A5F7-BDBF67C83079}"
EndProject
Project("{FAE04EC0-301F-11D3-BF4B-00C04F79EFBC}") = "ConsoleApp", "ConsoleApp\ConsoleApp.csproj", "{B83E2BB2-4982-4CDF-8C84-D24084B0B930}"
EndProject
Global
	GlobalSection(SolutionConfigurationPlatforms) = preSolution
		Debug|Any CPU = Debug|Any CPU
		Release|Any CPU = Release|Any CPU
	EndGlobalSection
	GlobalSection(ProjectConfigurationPlatforms) = postSolution
		{FBD75C8D-EFF9-4EBE-A5F7-BDBF67C83079}.Debug|Any CPU.ActiveCfg = Debug|Any CPU
		{FBD75C8D-EFF9-4EBE-A5F7-BDBF67C83079}.Debug|Any CPU.Build.0 = Debug|Any CPU
		{FBD75C8D-EFF9-4EBE-A5F7-BDBF67C83079}.Release|Any CPU.ActiveCfg = Release|Any CPU
		{FBD75C8D-EFF9-4EBE-A5F7-BDBF67C83079}.Release|Any CPU.Build.0 = Release|Any CPU
		{B83E2BB2-4982-4CDF-8C84-D24084B0B930}.Debug|Any CPU.ActiveCfg = Debug|Any CPU
		{B83E2BB2-4982-4CDF-8C84-D24084B0B930}.Debug|Any CPU.Build.0 = Debug|Any CPU
		{B83E2BB2-4982-4CDF-8C84-D24084B0B930}.Release|Any CPU.ActiveCfg = Release|Any CPU
		{B83E2BB2-4982-4CDF-8C84-D24084B0B930}.Release|Any CPU.Build.0 = Release|Any CPU
	EndGlobalSection
	GlobalSection(SolutionProperties) = preSolution
		HideSolutionNode = FALSE
	EndGlobalSection
	GlobalSection(ExtensibilityGlobals) = postSolution
		SolutionGuid = {02A076B8-34BD-4EF1-90A4-DC57216AA4E2}
	EndGlobalSection
EndGlobal
